<?xml version="1.0" encoding="utf-8"?>
<Project ToolsVersion="4.0" xmlns="http://schemas.microsoft.com/developer/msbuild/2003">
  <ItemGroup>
    <Filter Include="Source Files">
      <UniqueIdentifier>{4FC737F1-C7A5-4376-A066-2A32D752A2FF}</UniqueIdentifier>
      <Extensions>cpp;c;cc;cxx;def;odl;idl;hpj;bat;asm;asmx</Extensions>
    </Filter>
    <Filter Include="Header Files">
      <UniqueIdentifier>{93995380-89BD-4b04-88EB-625FBE52EBFB}</UniqueIdentifier>
      <Extensions>h;hpp;hxx;hm;inl;inc;xsd</Extensions>
    </Filter>
    <Filter Include="Resource Files">
      <UniqueIdentifier>{67DA6AB6-F800-4c08-8B7A-83BB121AAD01}</UniqueIdentifier>
      <Extensions>rc;ico;cur;bmp;dlg;rc2;rct;bin;rgs;gif;jpg;jpeg;jpe;resx;tiff;tif;png;wav;mfcribbon-ms</Extensions>
    </Filter>
    <Filter Include="Source Files\bench">
      <UniqueIdentifier>{053f13b1-7149-44a7-9d8d-2c87041d0893}</UniqueIdentifier>
    </Filter>
    <Filter Include="Header Files\bench">
      <UniqueIdentifier>{28b9b8af-cc9d-42c4-a89a-323de6c5dfc0}</UniqueIdentifier>
    </Filter>
    <Filter Include="Header Files\bench\aes">
      <UniqueIdentifier>{af5d452d-1847-4a6f-9fed-374f87b5ca11}</UniqueIdentifier>
    </Filter>
    <Filter Include="Source Files\bench\aes">
      <UniqueIdentifier>{cec9d323-5d12-4f82-978a-c84cafdbb830}</UniqueIdentifier>
    </Filter>
    <Filter Include="Header Files\writer">
      <UniqueIdentifier>{c5f59dcc-c3b8-4ff9-b2d0-defa6008850e}</UniqueIdentifier>
    </Filter>
    <Filter Include="Header Files\reader">
      <UniqueIdentifier>{3daeabf4-1573-4df5-9a74-d0fb5c651bd8}</UniqueIdentifier>
    </Filter>
    <Filter Include="Source Files\writer">
      <UniqueIdentifier>{08dd764c-5d41-4bf9-b84e-bf22655620b0}</UniqueIdentifier>
    </Filter>
    <Filter Include="Source Files\reader">
      <UniqueIdentifier>{54a1ef07-2174-4bd2-b7d8-8b5799b6750c}</UniqueIdentifier>
    </Filter>
    <Filter Include="Header Files\bench\perf">
      <UniqueIdentifier>{6a7a85bf-404a-49e3-8c70-addbbf9d9695}</UniqueIdentifier>
    </Filter>
    <Filter Include="Source Files\bench\perf">
      <UniqueIdentifier>{b2657594-44ef-49a1-8272-78c6390d976e}</UniqueIdentifier>
    </Filter>
  </ItemGroup>
  <ItemGroup>
    <None Include="ReadMe.txt" />
  </ItemGroup>
  <ItemGroup>
    <ClInclude Include="stdafx.h">
      <Filter>Header Files</Filter>
    </ClInclude>
    <ClInclude Include="targetver.h">
      <Filter>Header Files</Filter>
    </ClInclude>
    <ClInclude Include="benchmark.h">
      <Filter>Header Files</Filter>
    </ClInclude>
    <ClInclude Include="bench\aes\cpu.h">
      <Filter>Header Files\bench\aes</Filter>
    </ClInclude>
    <ClInclude Include="bench\aes\gpu.h">
      <Filter>Header Files\bench\aes</Filter>
    </ClInclude>
    <ClInclude Include="bench\base.h">
      <Filter>Header Files\bench</Filter>
    </ClInclude>
    <ClInclude Include="writer\base.h">
      <Filter>Header Files\writer</Filter>
    </ClInclude>
    <ClInclude Include="writer\file.h">
      <Filter>Header Files\writer</Filter>
    </ClInclude>
    <ClInclude Include="writer\console.h">
      <Filter>Header Files\writer</Filter>
    </ClInclude>
    <ClInclude Include="reader\base.h">
      <Filter>Header Files\reader</Filter>
    </ClInclude>
    <ClInclude Include="reader\dummy.h">
      <Filter>Header Files\reader</Filter>
    </ClInclude>
    <ClInclude Include="reader\file.h">
      <Filter>Header Files\reader</Filter>
    </ClInclude>
    <ClInclude Include="bench.h">
      <Filter>Header Files</Filter>
    </ClInclude>
    <ClInclude Include="reader.h">
      <Filter>Header Files</Filter>
    </ClInclude>
    <ClInclude Include="writer.h">
      <Filter>Header Files</Filter>
    </ClInclude>
    <ClInclude Include="rijndael.h">
      <Filter>Header Files</Filter>
    </ClInclude>
    <ClInclude Include="bench\perf\gpuloop.h">
      <Filter>Header Files\bench\perf</Filter>
    </ClInclude>
  </ItemGroup>
  <ItemGroup>
    <ClCompile Include="stdafx.cpp">
      <Filter>Source Files</Filter>
    </ClCompile>
    <ClCompile Include="main.cpp">
      <Filter>Source Files</Filter>
    </ClCompile>
    <ClCompile Include="benchmark.cpp">
      <Filter>Source Files</Filter>
    </ClCompile>
    <ClCompile Include="bench\aes\gpu.cpp">
      <Filter>Source Files\bench\aes</Filter>
    </ClCompile>
    <ClCompile Include="bench\aes\cpu.cpp">
      <Filter>Source Files\bench\aes</Filter>
    </ClCompile>
    <ClCompile Include="bench\base.cpp">
      <Filter>Source Files\bench</Filter>
    </ClCompile>
    <ClCompile Include="writer\file.cpp">
      <Filter>Source Files\writer</Filter>
    </ClCompile>
    <ClCompile Include="writer\console.cpp">
      <Filter>Source Files\writer</Filter>
    </ClCompile>
    <ClCompile Include="reader\dummy.cpp">
      <Filter>Source Files\reader</Filter>
    </ClCompile>
    <ClCompile Include="reader\file.cpp">
      <Filter>Source Files\reader</Filter>
    </ClCompile>
    <ClCompile Include="writer\base.cpp">
      <Filter>Source Files\writer</Filter>
    </ClCompile>
    <ClCompile Include="reader\base.cpp">
      <Filter>Source Files\reader</Filter>
    </ClCompile>
    <ClCompile Include="writer.cpp">
      <Filter>Source Files</Filter>
    </ClCompile>
    <ClCompile Include="reader.cpp">
      <Filter>Source Files</Filter>
    </ClCompile>
    <ClCompile Include="rijndael.cpp">
      <Filter>Source Files</Filter>
    </ClCompile>
    <ClCompile Include="bench\perf\gpuloop.cpp">
      <Filter>Source Files\bench\perf</Filter>
    </ClCompile>
  </ItemGroup>
</Project>